
Microsoft Visual Studio Solution File, Format Version 12.00
# Visual Studio 15
VisualStudioVersion = 15.0.26730.16
MinimumVisualStudioVersion = 10.0.40219.1
Project("{FAE04EC0-301F-11D3-BF4B-00C04F79EFBC}") = "Helpers", "Helpers\Helpers.csproj", "{A2F14743-A55E-43CD-B4DD-553DF1D9417A}"
EndProject
Global
	GlobalSection(SolutionConfigurationPlatforms) = preSolution
		Debug|Any CPU = Debug|Any CPU
		Release|Any CPU = Release|Any CPU
	EndGlobalSection
	GlobalSection(ProjectConfigurationPlatforms) = postSolution
		{A2F14743-A55E-43CD-B4DD-553DF1D9417A}.Debug|Any CPU.ActiveCfg = Debug|Any CPU
		{A2F14743-A55E-43CD-B4DD-553DF1D9417A}.Debug|Any CPU.Build.0 = Debug|Any CPU
		{A2F14743-A55E-43CD-B4DD-553DF1D9417A}.Release|Any CPU.ActiveCfg = Release|Any CPU
		{A2F14743-A55E-43CD-B4DD-553DF1D9417A}.Release|Any CPU.Build.0 = Release|Any CPU
	EndGlobalSection
	GlobalSection(SolutionProperties) = preSolution
		HideSolutionNode = FALSE
	EndGlobalSection
	GlobalSection(ExtensibilityGlobals) = postSolution
		SolutionGuid = {503E0D7F-B841-4E02-B5EF-E9464F615B36}
	EndGlobalSection
EndGlobal
